
Microsoft Visual Studio Solution File, Format Version 12.00
# Visual Studio Version 16
VisualStudioVersion = 16.0.30114.105
MinimumVisualStudioVersion = 10.0.40219.1
Project("{2150E333-8FDC-42A3-9474-1A3956D46DE8}") = "Solution Items", "Solution Items", "{EA0F5B4F-04A8-4524-8E8C-9F2529CAAA48}"
	ProjectSection(SolutionItems) = preProject
		.editorconfig = .editorconfig
		.gitignore = .gitignore
	EndProjectSection
EndProject
Project("{2150E333-8FDC-42A3-9474-1A3956D46DE8}") = "Uno Platform App", "Uno Platform App", "{F0BE943B-B496-4273-B698-F627EB63E2C8}"
EndProject
Project("{D954291E-2A0B-460D-934E-DC6B0785DB48}") = "Dnn.PersonaBar.Uno.Shared", "src\Dnn.PersonaBar.Uno.Shared\Dnn.PersonaBar.Uno.Shared.shproj", "{6279C845-92F8-4333-AB99-3D213163593C}"
EndProject
Project("{FAE04EC0-301F-11D3-BF4B-00C04F79EFBC}") = "Dnn.PersonaBar.Uno.UWP", "src\Dnn.PersonaBar.Uno.UWP\Dnn.PersonaBar.Uno.UWP.csproj", "{CA921370-75F2-4C0C-B12B-490F9C382D89}"
EndProject
Project("{9A19103F-16F7-4668-BE54-9A1E7A4F7556}") = "Dnn.PersonaBar.Uno.Wasm", "src\Dnn.PersonaBar.Uno.Wasm\Dnn.PersonaBar.Uno.Wasm.csproj", "{9D43B01D-5977-4657-A310-00B64D8B114B}"
EndProject
Project("{FAE04EC0-301F-11D3-BF4B-00C04F79EFBC}") = "Dnn.PersonaBar.Uno.WebApi", "src\Dnn.PersonaBar.Uno.WebApi\Dnn.PersonaBar.Uno.WebApi.csproj", "{6E124742-C0D2-4E2F-9B64-EC20B64E15CC}"
EndProject
Global
	GlobalSection(SharedMSBuildProjectFiles) = preSolution
		src\Dnn.PersonaBar.Uno.Shared\Dnn.PersonaBar.Uno.Shared.projitems*{6279c845-92f8-4333-ab99-3d213163593c}*SharedItemsImports = 13
		src\Dnn.PersonaBar.Uno.Shared\Dnn.PersonaBar.Uno.Shared.projitems*{9d43b01d-5977-4657-a310-00b64d8b114b}*SharedItemsImports = 5
		src\Dnn.PersonaBar.Uno.Shared\Dnn.PersonaBar.Uno.Shared.projitems*{ca921370-75f2-4c0c-b12b-490f9c382d89}*SharedItemsImports = 4
	EndGlobalSection
	GlobalSection(SolutionConfigurationPlatforms) = preSolution
		Ad-Hoc|Any CPU = Ad-Hoc|Any CPU
		Ad-Hoc|ARM = Ad-Hoc|ARM
		Ad-Hoc|ARM64 = Ad-Hoc|ARM64
		Ad-Hoc|iPhone = Ad-Hoc|iPhone
		Ad-Hoc|iPhoneSimulator = Ad-Hoc|iPhoneSimulator
		Ad-Hoc|x64 = Ad-Hoc|x64
		Ad-Hoc|x86 = Ad-Hoc|x86
		AppStore|Any CPU = AppStore|Any CPU
		AppStore|ARM = AppStore|ARM
		AppStore|ARM64 = AppStore|ARM64
		AppStore|iPhone = AppStore|iPhone
		AppStore|iPhoneSimulator = AppStore|iPhoneSimulator
		AppStore|x64 = AppStore|x64
		AppStore|x86 = AppStore|x86
		Debug|Any CPU = Debug|Any CPU
		Debug|ARM = Debug|ARM
		Debug|ARM64 = Debug|ARM64
		Debug|iPhone = Debug|iPhone
		Debug|iPhoneSimulator = Debug|iPhoneSimulator
		Debug|x64 = Debug|x64
		Debug|x86 = Debug|x86
		Release|Any CPU = Release|Any CPU
		Release|ARM = Release|ARM
		Release|ARM64 = Release|ARM64
		Release|iPhone = Release|iPhone
		Release|iPhoneSimulator = Release|iPhoneSimulator
		Release|x64 = Release|x64
		Release|x86 = Release|x86
	EndGlobalSection
	GlobalSection(ProjectConfigurationPlatforms) = postSolution
		{CA921370-75F2-4C0C-B12B-490F9C382D89}.Ad-Hoc|Any CPU.ActiveCfg = Release|x64
		{CA921370-75F2-4C0C-B12B-490F9C382D89}.Ad-Hoc|Any CPU.Build.0 = Release|x64
		{CA921370-75F2-4C0C-B12B-490F9C382D89}.Ad-Hoc|Any CPU.Deploy.0 = Release|x64
		{CA921370-75F2-4C0C-B12B-490F9C382D89}.Ad-Hoc|ARM.ActiveCfg = Release|ARM
		{CA921370-75F2-4C0C-B12B-490F9C382D89}.Ad-Hoc|ARM.Build.0 = Release|ARM
		{CA921370-75F2-4C0C-B12B-490F9C382D89}.Ad-Hoc|ARM.Deploy.0 = Release|ARM
		{CA921370-75F2-4C0C-B12B-490F9C382D89}.Ad-Hoc|ARM64.ActiveCfg = Release|ARM64
		{CA921370-75F2-4C0C-B12B-490F9C382D89}.Ad-Hoc|ARM64.Build.0 = Release|ARM64
		{CA921370-75F2-4C0C-B12B-490F9C382D89}.Ad-Hoc|ARM64.Deploy.0 = Release|ARM64
		{CA921370-75F2-4C0C-B12B-490F9C382D89}.Ad-Hoc|iPhone.ActiveCfg = Release|x64
		{CA921370-75F2-4C0C-B12B-490F9C382D89}.Ad-Hoc|iPhone.Build.0 = Release|x64
		{CA921370-75F2-4C0C-B12B-490F9C382D89}.Ad-Hoc|iPhone.Deploy.0 = Release|x64
		{CA921370-75F2-4C0C-B12B-490F9C382D89}.Ad-Hoc|iPhoneSimulator.ActiveCfg = Release|x64
		{CA921370-75F2-4C0C-B12B-490F9C382D89}.Ad-Hoc|iPhoneSimulator.Build.0 = Release|x64
		{CA921370-75F2-4C0C-B12B-490F9C382D89}.Ad-Hoc|iPhoneSimulator.Deploy.0 = Release|x64
		{CA921370-75F2-4C0C-B12B-490F9C382D89}.Ad-Hoc|x64.ActiveCfg = Release|x64
		{CA921370-75F2-4C0C-B12B-490F9C382D89}.Ad-Hoc|x64.Build.0 = Release|x64
		{CA921370-75F2-4C0C-B12B-490F9C382D89}.Ad-Hoc|x64.Deploy.0 = Release|x64
		{CA921370-75F2-4C0C-B12B-490F9C382D89}.Ad-Hoc|x86.ActiveCfg = Release|x86
		{CA921370-75F2-4C0C-B12B-490F9C382D89}.Ad-Hoc|x86.Build.0 = Release|x86
		{CA921370-75F2-4C0C-B12B-490F9C382D89}.Ad-Hoc|x86.Deploy.0 = Release|x86
		{CA921370-75F2-4C0C-B12B-490F9C382D89}.AppStore|Any CPU.ActiveCfg = Release|x64
		{CA921370-75F2-4C0C-B12B-490F9C382D89}.AppStore|Any CPU.Build.0 = Release|x64
		{CA921370-75F2-4C0C-B12B-490F9C382D89}.AppStore|Any CPU.Deploy.0 = Release|x64
		{CA921370-75F2-4C0C-B12B-490F9C382D89}.AppStore|ARM.ActiveCfg = Release|ARM
		{CA921370-75F2-4C0C-B12B-490F9C382D89}.AppStore|ARM.Build.0 = Release|ARM
		{CA921370-75F2-4C0C-B12B-490F9C382D89}.AppStore|ARM.Deploy.0 = Release|ARM
		{CA921370-75F2-4C0C-B12B-490F9C382D89}.AppStore|ARM64.ActiveCfg = Release|ARM64
		{CA921370-75F2-4C0C-B12B-490F9C382D89}.AppStore|ARM64.Build.0 = Release|ARM64
		{CA921370-75F2-4C0C-B12B-490F9C382D89}.AppStore|ARM64.Deploy.0 = Release|ARM64
		{CA921370-75F2-4C0C-B12B-490F9C382D89}.AppStore|iPhone.ActiveCfg = Release|x64
		{CA921370-75F2-4C0C-B12B-490F9C382D89}.AppStore|iPhone.Build.0 = Release|x64
		{CA921370-75F2-4C0C-B12B-490F9C382D89}.AppStore|iPhone.Deploy.0 = Release|x64
		{CA921370-75F2-4C0C-B12B-490F9C382D89}.AppStore|iPhoneSimulator.ActiveCfg = Release|x64
		{CA921370-75F2-4C0C-B12B-490F9C382D89}.AppStore|iPhoneSimulator.Build.0 = Release|x64
		{CA921370-75F2-4C0C-B12B-490F9C382D89}.AppStore|iPhoneSimulator.Deploy.0 = Release|x64
		{CA921370-75F2-4C0C-B12B-490F9C382D89}.AppStore|x64.ActiveCfg = Release|x64
		{CA921370-75F2-4C0C-B12B-490F9C382D89}.AppStore|x64.Build.0 = Release|x64
		{CA921370-75F2-4C0C-B12B-490F9C382D89}.AppStore|x64.Deploy.0 = Release|x64
		{CA921370-75F2-4C0C-B12B-490F9C382D89}.AppStore|x86.ActiveCfg = Release|x86
		{CA921370-75F2-4C0C-B12B-490F9C382D89}.AppStore|x86.Build.0 = Release|x86
		{CA921370-75F2-4C0C-B12B-490F9C382D89}.AppStore|x86.Deploy.0 = Release|x86
		{CA921370-75F2-4C0C-B12B-490F9C382D89}.Debug|Any CPU.ActiveCfg = Debug|x86
		{CA921370-75F2-4C0C-B12B-490F9C382D89}.Debug|ARM.ActiveCfg = Debug|ARM
		{CA921370-75F2-4C0C-B12B-490F9C382D89}.Debug|ARM.Build.0 = Debug|ARM
		{CA921370-75F2-4C0C-B12B-490F9C382D89}.Debug|ARM.Deploy.0 = Debug|ARM
		{CA921370-75F2-4C0C-B12B-490F9C382D89}.Debug|ARM64.ActiveCfg = Debug|ARM64
		{CA921370-75F2-4C0C-B12B-490F9C382D89}.Debug|ARM64.Build.0 = Debug|ARM64
		{CA921370-75F2-4C0C-B12B-490F9C382D89}.Debug|ARM64.Deploy.0 = Debug|ARM64
		{CA921370-75F2-4C0C-B12B-490F9C382D89}.Debug|iPhone.ActiveCfg = Debug|x86
		{CA921370-75F2-4C0C-B12B-490F9C382D89}.Debug|iPhoneSimulator.ActiveCfg = Debug|x86
		{CA921370-75F2-4C0C-B12B-490F9C382D89}.Debug|x64.ActiveCfg = Debug|x64
		{CA921370-75F2-4C0C-B12B-490F9C382D89}.Debug|x64.Build.0 = Debug|x64
		{CA921370-75F2-4C0C-B12B-490F9C382D89}.Debug|x64.Deploy.0 = Debug|x64
		{CA921370-75F2-4C0C-B12B-490F9C382D89}.Debug|x86.ActiveCfg = Debug|x86
		{CA921370-75F2-4C0C-B12B-490F9C382D89}.Debug|x86.Build.0 = Debug|x86
		{CA921370-75F2-4C0C-B12B-490F9C382D89}.Debug|x86.Deploy.0 = Debug|x86
		{CA921370-75F2-4C0C-B12B-490F9C382D89}.Release|Any CPU.ActiveCfg = Release|x86
		{CA921370-75F2-4C0C-B12B-490F9C382D89}.Release|ARM.ActiveCfg = Release|ARM
		{CA921370-75F2-4C0C-B12B-490F9C382D89}.Release|ARM.Build.0 = Release|ARM
		{CA921370-75F2-4C0C-B12B-490F9C382D89}.Release|ARM.Deploy.0 = Release|ARM
		{CA921370-75F2-4C0C-B12B-490F9C382D89}.Release|ARM64.ActiveCfg = Release|ARM64
		{CA921370-75F2-4C0C-B12B-490F9C382D89}.Release|ARM64.Build.0 = Release|ARM64
		{CA921370-75F2-4C0C-B12B-490F9C382D89}.Release|ARM64.Deploy.0 = Release|ARM64
		{CA921370-75F2-4C0C-B12B-490F9C382D89}.Release|iPhone.ActiveCfg = Release|x86
		{CA921370-75F2-4C0C-B12B-490F9C382D89}.Release|iPhoneSimulator.ActiveCfg = Release|x86
		{CA921370-75F2-4C0C-B12B-490F9C382D89}.Release|x64.ActiveCfg = Release|x64
		{CA921370-75F2-4C0C-B12B-490F9C382D89}.Release|x64.Build.0 = Release|x64
		{CA921370-75F2-4C0C-B12B-490F9C382D89}.Release|x64.Deploy.0 = Release|x64
		{CA921370-75F2-4C0C-B12B-490F9C382D89}.Release|x86.ActiveCfg = Release|x86
		{CA921370-75F2-4C0C-B12B-490F9C382D89}.Release|x86.Build.0 = Release|x86
		{CA921370-75F2-4C0C-B12B-490F9C382D89}.Release|x86.Deploy.0 = Release|x86
		{9D43B01D-5977-4657-A310-00B64D8B114B}.Ad-Hoc|Any CPU.ActiveCfg = Debug|Any CPU
		{9D43B01D-5977-4657-A310-00B64D8B114B}.Ad-Hoc|Any CPU.Build.0 = Debug|Any CPU
		{9D43B01D-5977-4657-A310-00B64D8B114B}.Ad-Hoc|ARM.ActiveCfg = Debug|Any CPU
		{9D43B01D-5977-4657-A310-00B64D8B114B}.Ad-Hoc|ARM.Build.0 = Debug|Any CPU
		{9D43B01D-5977-4657-A310-00B64D8B114B}.Ad-Hoc|ARM64.ActiveCfg = Debug|Any CPU
		{9D43B01D-5977-4657-A310-00B64D8B114B}.Ad-Hoc|ARM64.Build.0 = Debug|Any CPU
		{9D43B01D-5977-4657-A310-00B64D8B114B}.Ad-Hoc|iPhone.ActiveCfg = Debug|Any CPU
		{9D43B01D-5977-4657-A310-00B64D8B114B}.Ad-Hoc|iPhone.Build.0 = Debug|Any CPU
		{9D43B01D-5977-4657-A310-00B64D8B114B}.Ad-Hoc|iPhoneSimulator.ActiveCfg = Debug|Any CPU
		{9D43B01D-5977-4657-A310-00B64D8B114B}.Ad-Hoc|iPhoneSimulator.Build.0 = Debug|Any CPU
		{9D43B01D-5977-4657-A310-00B64D8B114B}.Ad-Hoc|x64.ActiveCfg = Debug|Any CPU
		{9D43B01D-5977-4657-A310-00B64D8B114B}.Ad-Hoc|x64.Build.0 = Debug|Any CPU
		{9D43B01D-5977-4657-A310-00B64D8B114B}.Ad-Hoc|x86.ActiveCfg = Debug|Any CPU
		{9D43B01D-5977-4657-A310-00B64D8B114B}.Ad-Hoc|x86.Build.0 = Debug|Any CPU
		{9D43B01D-5977-4657-A310-00B64D8B114B}.AppStore|Any CPU.ActiveCfg = Debug|Any CPU
		{9D43B01D-5977-4657-A310-00B64D8B114B}.AppStore|Any CPU.Build.0 = Debug|Any CPU
		{9D43B01D-5977-4657-A310-00B64D8B114B}.AppStore|ARM.ActiveCfg = Debug|Any CPU
		{9D43B01D-5977-4657-A310-00B64D8B114B}.AppStore|ARM.Build.0 = Debug|Any CPU
		{9D43B01D-5977-4657-A310-00B64D8B114B}.AppStore|ARM64.ActiveCfg = Debug|Any CPU
		{9D43B01D-5977-4657-A310-00B64D8B114B}.AppStore|ARM64.Build.0 = Debug|Any CPU
		{9D43B01D-5977-4657-A310-00B64D8B114B}.AppStore|iPhone.ActiveCfg = Debug|Any CPU
		{9D43B01D-5977-4657-A310-00B64D8B114B}.AppStore|iPhone.Build.0 = Debug|Any CPU
		{9D43B01D-5977-4657-A310-00B64D8B114B}.AppStore|iPhoneSimulator.ActiveCfg = Debug|Any CPU
		{9D43B01D-5977-4657-A310-00B64D8B114B}.AppStore|iPhoneSimulator.Build.0 = Debug|Any CPU
		{9D43B01D-5977-4657-A310-00B64D8B114B}.AppStore|x64.ActiveCfg = Debug|Any CPU
		{9D43B01D-5977-4657-A310-00B64D8B114B}.AppStore|x64.Build.0 = Debug|Any CPU
		{9D43B01D-5977-4657-A310-00B64D8B114B}.AppStore|x86.ActiveCfg = Debug|Any CPU
		{9D43B01D-5977-4657-A310-00B64D8B114B}.AppStore|x86.Build.0 = Debug|Any CPU
		{9D43B01D-5977-4657-A310-00B64D8B114B}.Debug|Any CPU.ActiveCfg = Debug|Any CPU
		{9D43B01D-5977-4657-A310-00B64D8B114B}.Debug|Any CPU.Build.0 = Debug|Any CPU
		{9D43B01D-5977-4657-A310-00B64D8B114B}.Debug|ARM.ActiveCfg = Debug|Any CPU
		{9D43B01D-5977-4657-A310-00B64D8B114B}.Debug|ARM.Build.0 = Debug|Any CPU
		{9D43B01D-5977-4657-A310-00B64D8B114B}.Debug|ARM64.ActiveCfg = Debug|Any CPU
		{9D43B01D-5977-4657-A310-00B64D8B114B}.Debug|ARM64.Build.0 = Debug|Any CPU
		{9D43B01D-5977-4657-A310-00B64D8B114B}.Debug|iPhone.ActiveCfg = Debug|Any CPU
		{9D43B01D-5977-4657-A310-00B64D8B114B}.Debug|iPhone.Build.0 = Debug|Any CPU
		{9D43B01D-5977-4657-A310-00B64D8B114B}.Debug|iPhoneSimulator.ActiveCfg = Debug|Any CPU
		{9D43B01D-5977-4657-A310-00B64D8B114B}.Debug|iPhoneSimulator.Build.0 = Debug|Any CPU
		{9D43B01D-5977-4657-A310-00B64D8B114B}.Debug|x64.ActiveCfg = Debug|Any CPU
		{9D43B01D-5977-4657-A310-00B64D8B114B}.Debug|x64.Build.0 = Debug|Any CPU
		{9D43B01D-5977-4657-A310-00B64D8B114B}.Debug|x86.ActiveCfg = Debug|Any CPU
		{9D43B01D-5977-4657-A310-00B64D8B114B}.Debug|x86.Build.0 = Debug|Any CPU
		{9D43B01D-5977-4657-A310-00B64D8B114B}.Release|Any CPU.ActiveCfg = Release|Any CPU
		{9D43B01D-5977-4657-A310-00B64D8B114B}.Release|Any CPU.Build.0 = Release|Any CPU
		{9D43B01D-5977-4657-A310-00B64D8B114B}.Release|ARM.ActiveCfg = Release|Any CPU
		{9D43B01D-5977-4657-A310-00B64D8B114B}.Release|ARM.Build.0 = Release|Any CPU
		{9D43B01D-5977-4657-A310-00B64D8B114B}.Release|ARM64.ActiveCfg = Release|Any CPU
		{9D43B01D-5977-4657-A310-00B64D8B114B}.Release|ARM64.Build.0 = Release|Any CPU
		{9D43B01D-5977-4657-A310-00B64D8B114B}.Release|iPhone.ActiveCfg = Release|Any CPU
		{9D43B01D-5977-4657-A310-00B64D8B114B}.Release|iPhone.Build.0 = Release|Any CPU
		{9D43B01D-5977-4657-A310-00B64D8B114B}.Release|iPhoneSimulator.ActiveCfg = Release|Any CPU
		{9D43B01D-5977-4657-A310-00B64D8B114B}.Release|iPhoneSimulator.Build.0 = Release|Any CPU
		{9D43B01D-5977-4657-A310-00B64D8B114B}.Release|x64.ActiveCfg = Release|Any CPU
		{9D43B01D-5977-4657-A310-00B64D8B114B}.Release|x64.Build.0 = Release|Any CPU
		{9D43B01D-5977-4657-A310-00B64D8B114B}.Release|x86.ActiveCfg = Release|Any CPU
		{9D43B01D-5977-4657-A310-00B64D8B114B}.Release|x86.Build.0 = Release|Any CPU
		{6E124742-C0D2-4E2F-9B64-EC20B64E15CC}.Ad-Hoc|Any CPU.ActiveCfg = Debug|Any CPU
		{6E124742-C0D2-4E2F-9B64-EC20B64E15CC}.Ad-Hoc|Any CPU.Build.0 = Debug|Any CPU
		{6E124742-C0D2-4E2F-9B64-EC20B64E15CC}.Ad-Hoc|ARM.ActiveCfg = Debug|Any CPU
		{6E124742-C0D2-4E2F-9B64-EC20B64E15CC}.Ad-Hoc|ARM.Build.0 = Debug|Any CPU
		{6E124742-C0D2-4E2F-9B64-EC20B64E15CC}.Ad-Hoc|ARM64.ActiveCfg = Debug|Any CPU
		{6E124742-C0D2-4E2F-9B64-EC20B64E15CC}.Ad-Hoc|ARM64.Build.0 = Debug|Any CPU
		{6E124742-C0D2-4E2F-9B64-EC20B64E15CC}.Ad-Hoc|iPhone.ActiveCfg = Debug|Any CPU
		{6E124742-C0D2-4E2F-9B64-EC20B64E15CC}.Ad-Hoc|iPhone.Build.0 = Debug|Any CPU
		{6E124742-C0D2-4E2F-9B64-EC20B64E15CC}.Ad-Hoc|iPhoneSimulator.ActiveCfg = Debug|Any CPU
		{6E124742-C0D2-4E2F-9B64-EC20B64E15CC}.Ad-Hoc|iPhoneSimulator.Build.0 = Debug|Any CPU
		{6E124742-C0D2-4E2F-9B64-EC20B64E15CC}.Ad-Hoc|x64.ActiveCfg = Debug|Any CPU
		{6E124742-C0D2-4E2F-9B64-EC20B64E15CC}.Ad-Hoc|x64.Build.0 = Debug|Any CPU
		{6E124742-C0D2-4E2F-9B64-EC20B64E15CC}.Ad-Hoc|x86.ActiveCfg = Debug|Any CPU
		{6E124742-C0D2-4E2F-9B64-EC20B64E15CC}.Ad-Hoc|x86.Build.0 = Debug|Any CPU
		{6E124742-C0D2-4E2F-9B64-EC20B64E15CC}.AppStore|Any CPU.ActiveCfg = Debug|Any CPU
		{6E124742-C0D2-4E2F-9B64-EC20B64E15CC}.AppStore|Any CPU.Build.0 = Debug|Any CPU
		{6E124742-C0D2-4E2F-9B64-EC20B64E15CC}.AppStore|ARM.ActiveCfg = Debug|Any CPU
		{6E124742-C0D2-4E2F-9B64-EC20B64E15CC}.AppStore|ARM.Build.0 = Debug|Any CPU
		{6E124742-C0D2-4E2F-9B64-EC20B64E15CC}.AppStore|ARM64.ActiveCfg = Debug|Any CPU
		{6E124742-C0D2-4E2F-9B64-EC20B64E15CC}.AppStore|ARM64.Build.0 = Debug|Any CPU
		{6E124742-C0D2-4E2F-9B64-EC20B64E15CC}.AppStore|iPhone.ActiveCfg = Debug|Any CPU
		{6E124742-C0D2-4E2F-9B64-EC20B64E15CC}.AppStore|iPhone.Build.0 = Debug|Any CPU
		{6E124742-C0D2-4E2F-9B64-EC20B64E15CC}.AppStore|iPhoneSimulator.ActiveCfg = Debug|Any CPU
		{6E124742-C0D2-4E2F-9B64-EC20B64E15CC}.AppStore|iPhoneSimulator.Build.0 = Debug|Any CPU
		{6E124742-C0D2-4E2F-9B64-EC20B64E15CC}.AppStore|x64.ActiveCfg = Debug|Any CPU
		{6E124742-C0D2-4E2F-9B64-EC20B64E15CC}.AppStore|x64.Build.0 = Debug|Any CPU
		{6E124742-C0D2-4E2F-9B64-EC20B64E15CC}.AppStore|x86.ActiveCfg = Debug|Any CPU
		{6E124742-C0D2-4E2F-9B64-EC20B64E15CC}.AppStore|x86.Build.0 = Debug|Any CPU
		{6E124742-C0D2-4E2F-9B64-EC20B64E15CC}.Debug|Any CPU.ActiveCfg = Debug|Any CPU
		{6E124742-C0D2-4E2F-9B64-EC20B64E15CC}.Debug|Any CPU.Build.0 = Debug|Any CPU
		{6E124742-C0D2-4E2F-9B64-EC20B64E15CC}.Debug|ARM.ActiveCfg = Debug|Any CPU
		{6E124742-C0D2-4E2F-9B64-EC20B64E15CC}.Debug|ARM.Build.0 = Debug|Any CPU
		{6E124742-C0D2-4E2F-9B64-EC20B64E15CC}.Debug|ARM64.ActiveCfg = Debug|Any CPU
		{6E124742-C0D2-4E2F-9B64-EC20B64E15CC}.Debug|ARM64.Build.0 = Debug|Any CPU
		{6E124742-C0D2-4E2F-9B64-EC20B64E15CC}.Debug|iPhone.ActiveCfg = Debug|Any CPU
		{6E124742-C0D2-4E2F-9B64-EC20B64E15CC}.Debug|iPhone.Build.0 = Debug|Any CPU
		{6E124742-C0D2-4E2F-9B64-EC20B64E15CC}.Debug|iPhoneSimulator.ActiveCfg = Debug|Any CPU
		{6E124742-C0D2-4E2F-9B64-EC20B64E15CC}.Debug|iPhoneSimulator.Build.0 = Debug|Any CPU
		{6E124742-C0D2-4E2F-9B64-EC20B64E15CC}.Debug|x64.ActiveCfg = Debug|Any CPU
		{6E124742-C0D2-4E2F-9B64-EC20B64E15CC}.Debug|x64.Build.0 = Debug|Any CPU
		{6E124742-C0D2-4E2F-9B64-EC20B64E15CC}.Debug|x86.ActiveCfg = Debug|Any CPU
		{6E124742-C0D2-4E2F-9B64-EC20B64E15CC}.Debug|x86.Build.0 = Debug|Any CPU
		{6E124742-C0D2-4E2F-9B64-EC20B64E15CC}.Release|Any CPU.ActiveCfg = Release|Any CPU
		{6E124742-C0D2-4E2F-9B64-EC20B64E15CC}.Release|Any CPU.Build.0 = Release|Any CPU
		{6E124742-C0D2-4E2F-9B64-EC20B64E15CC}.Release|ARM.ActiveCfg = Release|Any CPU
		{6E124742-C0D2-4E2F-9B64-EC20B64E15CC}.Release|ARM.Build.0 = Release|Any CPU
		{6E124742-C0D2-4E2F-9B64-EC20B64E15CC}.Release|ARM64.ActiveCfg = Release|Any CPU
		{6E124742-C0D2-4E2F-9B64-EC20B64E15CC}.Release|ARM64.Build.0 = Release|Any CPU
		{6E124742-C0D2-4E2F-9B64-EC20B64E15CC}.Release|iPhone.ActiveCfg = Release|Any CPU
		{6E124742-C0D2-4E2F-9B64-EC20B64E15CC}.Release|iPhone.Build.0 = Release|Any CPU
		{6E124742-C0D2-4E2F-9B64-EC20B64E15CC}.Release|iPhoneSimulator.ActiveCfg = Release|Any CPU
		{6E124742-C0D2-4E2F-9B64-EC20B64E15CC}.Release|iPhoneSimulator.Build.0 = Release|Any CPU
		{6E124742-C0D2-4E2F-9B64-EC20B64E15CC}.Release|x64.ActiveCfg = Release|Any CPU
		{6E124742-C0D2-4E2F-9B64-EC20B64E15CC}.Release|x64.Build.0 = Release|Any CPU
		{6E124742-C0D2-4E2F-9B64-EC20B64E15CC}.Release|x86.ActiveCfg = Release|Any CPU
		{6E124742-C0D2-4E2F-9B64-EC20B64E15CC}.Release|x86.Build.0 = Release|Any CPU
	EndGlobalSection
	GlobalSection(SolutionProperties) = preSolution
		HideSolutionNode = FALSE
	EndGlobalSection
	GlobalSection(NestedProjects) = preSolution
		{6279C845-92F8-4333-AB99-3D213163593C} = {F0BE943B-B496-4273-B698-F627EB63E2C8}
		{CA921370-75F2-4C0C-B12B-490F9C382D89} = {F0BE943B-B496-4273-B698-F627EB63E2C8}
		{9D43B01D-5977-4657-A310-00B64D8B114B} = {F0BE943B-B496-4273-B698-F627EB63E2C8}
	EndGlobalSection
	GlobalSection(ExtensibilityGlobals) = postSolution
		SolutionGuid = {57965B7B-7307-4B9F-9DD9-F463E8C92911}
	EndGlobalSection
EndGlobal
